# @generated - this file is auto-generated by `mise lock` https://mise.jdx.dev/dev-tools/mise-lock.html

lockfile_version = 1

[[tools.aws-cli]]
version = "2.36.29"
backend = "aqua:aws/aws-cli"
specifiers = ["latest"]

[tools.aws-cli."platforms.macos-arm64"]
checksum = "blake3:18dfdf64e4b13d3f3f7b8e0039a6ca0753020149319f74e7455e0e038cf9a5de"
url = "https://awscli.amazonaws.com/AWSCLIV2-2.36.29.pkg"

[[tools.bun]]
version = "1.4.0"
backend = "core:bun"
specifiers = ["latest"]

[tools.bun."platforms.macos-arm64"]
checksum = "sha256:c669e97f6164e1c96e0701748db98dfa77492908cbd8394c7557134a735de381"
url = "https://github.com/oven-sh/bun/releases/download/bun-v1.4.0/bun-darwin-aarch64.zip"

[[tools."cargo:eza"]]
version = "0.23.5"
backend = "cargo:eza"
specifiers = ["latest"]

[[tools."cargo:git-absorb"]]
version = "0.9.0"
backend = "cargo:git-absorb"
specifiers = ["latest"]

[[tools."cargo:xsv"]]
version = "0.13.0"
backend = "cargo:xsv"
specifiers = ["latest"]

[[tools."github:BurntSushi/ripgrep"]]
version = "15.2.0"
backend = "github:BurntSushi/ripgrep"
specifiers = ["latest"]

[tools."github:BurntSushi/ripgrep"."platforms.macos-arm64"]
checksum = "sha256:3750b2e93f37e0c692657da574d7019a101c0084da05a790c83fd335bad973e4"
url = "https://github.com/BurntSushi/ripgrep/releases/download/15.2.0/ripgrep-15.2.0-aarch64-apple-darwin.tar.gz"
url_api = "https://api.github.com/repos/BurntSushi/ripgrep/releases/assets/478118851"

[[tools."github:ajeetdsouza/zoxide"]]
version = "0.10.0"
backend = "github:ajeetdsouza/zoxide"
specifiers = ["latest"]

[tools."github:ajeetdsouza/zoxide"."platforms.macos-arm64"]
checksum = "sha256:b55ae6f2f5f23d0a6ccb3bd4eeb2af9c7e0a6556e5255c82100e40305129bbb0"
url = "https://github.com/ajeetdsouza/zoxide/releases/download/v0.10.0/zoxide-0.10.0-aarch64-apple-darwin.tar.gz"
url_api = "https://api.github.com/repos/ajeetdsouza/zoxide/releases/assets/466316174"

[[tools."github:anomalyco/rift"]]
version = "0.0.10"
backend = "github:anomalyco/rift"
specifiers = ["latest"]

[tools."github:anomalyco/rift"."platforms.macos-arm64"]
checksum = "sha256:f7673a95bd809578e7caafd832b426a7dc9ccb9eeb2f0588c3c00fad44c15924"
url = "https://github.com/anomalyco/rift/releases/download/v0.0.10/rift-v0.0.10-aarch64-apple-darwin.tar.gz"
url_api = "https://api.github.com/repos/anomalyco/rift/releases/assets/437465408"

[[tools."github:arxanas/git-branchless"]]
version = "0.11.1"
backend = "github:arxanas/git-branchless"
specifiers = ["latest"]

[tools."github:arxanas/git-branchless"."platforms.macos-arm64"]
checksum = "sha256:1150c869de3e68d670eea82d1622b8d3add1bc086750e89a9343adc44944f1f1"
url = "https://github.com/arxanas/git-branchless/releases/download/v0.11.1/git-branchless-v0.11.1-aarch64-apple-darwin.tar.gz"
url_api = "https://api.github.com/repos/arxanas/git-branchless/releases/assets/426563229"

[[tools."github:backnotprop/plannotator"]]
version = "0.27.8"
backend = "github:backnotprop/plannotator"
specifiers = ["latest"]

[tools."github:backnotprop/plannotator"."platforms.macos-arm64"]
checksum = "sha256:13bd4eae5916c1192c3f71fd4c8722829d7076e781850fd6a0ef2ffc6f16cc6b"
url = "https://github.com/backnotprop/plannotator/releases/download/v0.27.8/plannotator-darwin-arm64"
url_api = "https://api.github.com/repos/backnotprop/plannotator/releases/assets/527888935"
provenance = "github-attestations"
provenance_verified = true

[[tools."github:carapace-sh/carapace-bin"]]
version = "1.7.3"
backend = "github:carapace-sh/carapace-bin"
specifiers = ["latest"]

[tools."github:carapace-sh/carapace-bin"."platforms.macos-arm64"]
checksum = "sha256:a7e79d8787ffc63c26568e8d8256d12df91f5cda0d9dc83d50e90b8567028a9d"
url = "https://github.com/carapace-sh/carapace-bin/releases/download/v1.7.3/carapace-bin_1.7.3_darwin_arm64.tar.gz"
url_api = "https://api.github.com/repos/carapace-sh/carapace-bin/releases/assets/462542252"

[[tools."github:casey/just"]]
version = "1.58.0"
backend = "github:casey/just"
specifiers = ["latest"]

[tools."github:casey/just"."platforms.macos-arm64"]
checksum = "sha256:50ae3e996c974a0bf32ea7d10f495070df33f1b43e0616b2769e3d4821ed8f48"
url = "https://github.com/casey/just/releases/download/1.58.0/just-1.58.0-aarch64-apple-darwin.tar.gz"
url_api = "https://api.github.com/repos/casey/just/releases/assets/500509965"

[[tools."github:cli/cli"]]
version = "2.98.0"
backend = "github:cli/cli"
specifiers = ["latest"]

[tools."github:cli/cli"."platforms.macos-arm64"]
checksum = "sha256:8cfb027cc5310675f2b830eac8f9865c1155a45ffcf9757f699fdd5a22046ca4"
url = "https://github.com/cli/cli/releases/download/v2.98.0/gh_2.98.0_macOS_arm64.zip"
url_api = "https://api.github.com/repos/cli/cli/releases/assets/522857972"
provenance = "github-attestations"
provenance_verified = true

[[tools."github:cloudflare/cloudflared"]]
version = "2026.8.2"
backend = "github:cloudflare/cloudflared"
specifiers = ["latest"]

[tools."github:cloudflare/cloudflared"."platforms.macos-arm64"]
checksum = "sha256:9042c2c5d8b2de78e60f313d5fb31b6c5c1cebde787a3caf1f2c9588084ac442"
url = "https://github.com/cloudflare/cloudflared/releases/download/2026.8.2/cloudflared-darwin-arm64.tgz"
url_api = "https://api.github.com/repos/cloudflare/cloudflared/releases/assets/514389484"

[[tools."github:dandavison/delta"]]
version = "0.19.2"
backend = "github:dandavison/delta"
specifiers = ["latest"]

[tools."github:dandavison/delta"."platforms.macos-arm64"]
checksum = "sha256:9be36612a5a13e9e386dc498fb8e50dc87c72ee42b63db0ea05b32f99a72a69a"
url = "https://github.com/dandavison/delta/releases/download/0.19.2/delta-0.19.2-aarch64-apple-darwin.tar.gz"
url_api = "https://api.github.com/repos/dandavison/delta/releases/assets/383662310"

[[tools."github:earendil-works/pi"]]
version = "0.84.2"
backend = "github:earendil-works/pi"
specifiers = ["latest"]

[tools."github:earendil-works/pi"."platforms.macos-arm64"]
checksum = "sha256:c996e888b7f7dce44bcf24f69176ac646c44139d3916bd49a6b28e5a8c5e3a65"
url = "https://github.com/earendil-works/pi/releases/download/v0.84.2/pi-darwin-arm64.tar.gz"
url_api = "https://api.github.com/repos/earendil-works/pi/releases/assets/514255762"

[[tools."github:jqlang/jq"]]
version = "jq-1.8.2"
backend = "github:jqlang/jq"
specifiers = ["latest"]

[tools."github:jqlang/jq"."platforms.macos-arm64"]
checksum = "sha256:2d75340ba57a4b4b4c8708a21c2dc8e958a48aaa8bba13b27f77f6e4c0eca07e"
url = "https://github.com/jqlang/jq/releases/download/jq-1.8.2/jq-macos-arm64"
url_api = "https://api.github.com/repos/jqlang/jq/releases/assets/453012783"
provenance = "github-attestations"
provenance_verified = true

[[tools."github:junegunn/fzf"]]
version = "0.74.3"
backend = "github:junegunn/fzf"
specifiers = ["latest"]

[tools."github:junegunn/fzf"."platforms.macos-arm64"]
checksum = "sha256:1f8501cea4f9c0c2d6110d0ff75d0ec9451cd9d7524d9a26244a154ea89f3bd5"
url = "https://github.com/junegunn/fzf/releases/download/v0.74.3/fzf-0.74.3-darwin_arm64.tar.gz"
url_api = "https://api.github.com/repos/junegunn/fzf/releases/assets/517537091"

[[tools."github:neovim/neovim"]]
version = "0.12.4"
backend = "github:neovim/neovim"
specifiers = ["latest"]

[tools."github:neovim/neovim"."platforms.macos-arm64"]
checksum = "sha256:51ab83afa66d663627c2ab1be43209b0f4e81360d4598b53efaa4d8195f24c89"
url = "https://github.com/neovim/neovim/releases/download/v0.12.4/nvim-macos-arm64.tar.gz"
url_api = "https://api.github.com/repos/neovim/neovim/releases/assets/467170626"

[[tools."github:nikitabobko/AeroSpace"]]
version = "0.21.3-Beta"
backend = "github:nikitabobko/AeroSpace"
specifiers = ["latest"]

[tools."github:nikitabobko/AeroSpace".options]
matching = "AeroSpace-"

[tools."github:nikitabobko/AeroSpace"."platforms.macos-arm64"]
checksum = "sha256:bdbd3fedb3a41bdd3987d241dd5cc1d8b74a56fdbc0d76a98e6925c5cfef4ce4"
url = "https://github.com/nikitabobko/AeroSpace/releases/download/v0.21.3-Beta/AeroSpace-v0.21.3-Beta.zip"
url_api = "https://api.github.com/repos/nikitabobko/AeroSpace/releases/assets/479362956"
provenance = "github-attestations"
provenance_verified = true

[[tools."github:nushell/nushell"]]
version = "0.115.1"
backend = "github:nushell/nushell"
specifiers = ["latest"]

[tools."github:nushell/nushell"."platforms.macos-arm64"]
checksum = "sha256:2e6ed1eb043869ff05b5f2448a8c443e4d3a93557ba4303b21008a0523c96734"
url = "https://github.com/nushell/nushell/releases/download/0.115.1/nu-0.115.1-aarch64-apple-darwin.tar.gz"
url_api = "https://api.github.com/repos/nushell/nushell/releases/assets/526010403"

[[tools."github:sharkdp/bat"]]
version = "0.26.1"
backend = "github:sharkdp/bat"
specifiers = ["latest"]

[tools."github:sharkdp/bat"."platforms.macos-arm64"]
checksum = "sha256:e30beff26779c9bf60bb541e1d79046250cb74378f2757f8eb250afddb19e114"
url = "https://github.com/sharkdp/bat/releases/download/v0.26.1/bat-v0.26.1-aarch64-apple-darwin.tar.gz"
url_api = "https://api.github.com/repos/sharkdp/bat/releases/assets/323548442"

[[tools."github:sharkdp/fd"]]
version = "10.4.2"
backend = "github:sharkdp/fd"
specifiers = ["latest"]

[tools."github:sharkdp/fd"."platforms.macos-arm64"]
checksum = "sha256:623dc0afc81b92e4d4606b380d7bc91916ba7b97814263e554d50923a39e480a"
url = "https://github.com/sharkdp/fd/releases/download/v10.4.2/fd-v10.4.2-aarch64-apple-darwin.tar.gz"
url_api = "https://api.github.com/repos/sharkdp/fd/releases/assets/370661116"

[[tools."github:sharkdp/hyperfine"]]
version = "1.20.0"
backend = "github:sharkdp/hyperfine"
specifiers = ["latest"]

[tools."github:sharkdp/hyperfine"."platforms.macos-arm64"]
checksum = "sha256:8ee7067016620447c9d2d6234ec9a4680f958b7ad983549b56334668f63075b5"
url = "https://github.com/sharkdp/hyperfine/releases/download/v1.20.0/hyperfine-v1.20.0-aarch64-apple-darwin.tar.gz"
url_api = "https://api.github.com/repos/sharkdp/hyperfine/releases/assets/317831785"

[[tools."github:sharkdp/vivid"]]
version = "0.11.1"
backend = "github:sharkdp/vivid"
specifiers = ["latest"]

[tools."github:sharkdp/vivid"."platforms.macos-arm64"]
checksum = "sha256:82b23caf7c2fd0adeead0df197c76d5d997c57887a6265e7e63e729daec18570"
url = "https://github.com/sharkdp/vivid/releases/download/v0.11.1/vivid-v0.11.1-aarch64-apple-darwin.tar.gz"
url_api = "https://api.github.com/repos/sharkdp/vivid/releases/assets/392655755"

[[tools."github:starship/starship"]]
version = "1.26.0"
backend = "github:starship/starship"
specifiers = ["latest"]

[tools."github:starship/starship"."platforms.macos-arm64"]
checksum = "sha256:c40b27b11f580411e068f2fa6c1be7830a387c0bc47a94d1d37f32b054c5361d"
url = "https://github.com/starship/starship/releases/download/v1.26.0/starship-aarch64-apple-darwin.tar.gz"
url_api = "https://api.github.com/repos/starship/starship/releases/assets/460374577"

[[tools."github:vercel-labs/agent-browser"]]
version = "0.34.0"
backend = "github:vercel-labs/agent-browser"
specifiers = ["latest"]

[tools."github:vercel-labs/agent-browser"."platforms.macos-arm64"]
checksum = "sha256:d680a7a96ab86e9ab9d2b571b12919b761e93682ad1de714bbd5ac849c8d7c9c"
url = "https://github.com/vercel-labs/agent-browser/releases/download/v0.34.0/agent-browser-darwin-arm64"
url_api = "https://api.github.com/repos/vercel-labs/agent-browser/releases/assets/509430073"

[[tools."github:vercel-labs/fx"]]
version = "0.0.6"
backend = "github:vercel-labs/fx"
specifiers = ["latest"]

[tools."github:vercel-labs/fx"."platforms.macos-arm64"]
checksum = "sha256:9fc18d5c3429adab254cc2b626c9679e866be26496e09d7beb8754f6c1c586c9"
url = "https://github.com/vercel-labs/fx/releases/download/v0.0.6/fx-macos-aarch64.tar.gz"
url_api = "https://api.github.com/repos/vercel-labs/fx/releases/assets/528406140"

[[tools.herdr]]
version = "0.8.2"
backend = "aqua:herdrdev/herdr"
specifiers = ["latest"]

[tools.herdr."platforms.macos-arm64"]
checksum = "sha256:a5d4f4d504d8b309c91f811050559300faba31258425f53c50852fc96f6ae574"
url = "https://github.com/herdrdev/herdr/releases/download/v0.8.2/herdr-macos-aarch64"
url_api = "https://api.github.com/repos/herdrdev/herdr/releases/assets/521169108"

[[tools."http:jankyborders"]]
version = "1.9.0"
backend = "http:jankyborders"
specifiers = ["latest"]

[tools."http:jankyborders".options]
strip_components = "1"

[tools."http:jankyborders"."platforms.macos-arm64"]
checksum = "blake3:bcdfaf15412fb02a2e3ce5bbf7c7e50aa9dd2f1837bf2e32dfc926ba5c079629"
url = "https://github.com/FelixKratz/JankyBorders/archive/refs/tags/v1.9.0.tar.gz"

[[tools.node]]
version = "24.19.0"
backend = "core:node"
specifiers = ["lts"]

[tools.node."platforms.macos-arm64"]
checksum = "sha256:8294b7aa9b03997481c06babf1e8b270c859358f27da57a11509afe537ac381d"
url = "https://nodejs.org/dist/v24.19.0/node-v24.19.0-darwin-arm64.tar.gz"

[[tools."npm:@opencode-ai/cli"]]
version = "beta"
backend = "npm:@opencode-ai/cli"
specifiers = ["beta"]

[tools."npm:@opencode-ai/cli".options]
allow_builds = '["@opencode-ai/cli"]'

[[tools."npm:skills"]]
version = "1.5.23"
backend = "npm:skills"
specifiers = ["latest"]

[[tools.op]]
version = "2.39.0"
backend = "vfox:op"
specifiers = ["latest"]

[tools.op."platforms.macos-arm64"]
url = "https://cache.agilebits.com/dist/1P/op2/pkg/v2.39.0/op_darwin_arm64_v2.39.0.zip"

[[tools."pipx:csvkit"]]
version = "2.2.0"
backend = "pipx:csvkit"
specifiers = ["latest"]

[[tools.rust]]
version = "1.98.0"
backend = "core:rust"
specifiers = ["latest"]

[[tools.turbo]]
version = "2.10.11"
backend = "npm:turbo"
specifiers = ["latest"]

[[tools.uv]]
version = "0.12.5"
backend = "aqua:astral-sh/uv"
specifiers = ["latest"]

[tools.uv."platforms.macos-arm64"]
checksum = "sha256:5bb0e5fe008a773c3dbcb97ff79cd89e1241464fe9d2f986d52ad8f1b037bd62"
url = "https://github.com/astral-sh/uv/releases/download/0.12.5/uv-aarch64-apple-darwin.tar.gz"
url_api = "https://api.github.com/repos/astral-sh/uv/releases/assets/514850968"
provenance = "github-attestations"

[[tools.zig]]
version = "0.16.0"
backend = "core:zig"
specifiers = ["latest"]

[tools.zig."platforms.macos-arm64"]
checksum = "sha256:b23d70deaa879b5c2d486ed3316f7eaa53e84acf6fc9cc747de152450d401489"
url = "https://ziglang.org/download/0.16.0/zig-aarch64-macos-0.16.0.tar.xz"
provenance = "minisign"
